
Microsoft Visual Studio Solution File, Format Version 12.00
# Visual Studio Version 16
VisualStudioVersion = 16.0.31729.503
MinimumVisualStudioVersion = 10.0.40219.1
Project("{9A19103F-16F7-4668-BE54-9A1E7A4F7556}") = "BulkyBook", "BulkyBook\BulkyBook.csproj", "{0F0A85CB-779D-46DA-9CE5-AF04759F0268}"
EndProject
Project("{FAE04EC0-301F-11D3-BF4B-00C04F79EFBC}") = "BulkyBook.DataAccess", "BulkyBook.DataAccess\BulkyBook.DataAccess.csproj", "{92DABB41-D5D8-4E74-B425-1215F35B1A6B}"
EndProject
Project("{FAE04EC0-301F-11D3-BF4B-00C04F79EFBC}") = "BulkyBook.Models", "BulkyBook.Models\BulkyBook.Models.csproj", "{F8BD3A47-785D-44DF-BCD9-2AFE2992B4E8}"
EndProject
Project("{FAE04EC0-301F-11D3-BF4B-00C04F79EFBC}") = "BulkyBook.Utility", "BulkyBook.Utility\BulkyBook.Utility.csproj", "{F4D690B6-44E1-4EE9-B2FE-86AF244CD3D0}"
EndProject
Global
	GlobalSection(SolutionConfigurationPlatforms) = preSolution
		Debug|Any CPU = Debug|Any CPU
		Release|Any CPU = Release|Any CPU
	EndGlobalSection
	GlobalSection(ProjectConfigurationPlatforms) = postSolution
		{0F0A85CB-779D-46DA-9CE5-AF04759F0268}.Debug|Any CPU.ActiveCfg = Debug|Any CPU
		{0F0A85CB-779D-46DA-9CE5-AF04759F0268}.Debug|Any CPU.Build.0 = Debug|Any CPU
		{0F0A85CB-779D-46DA-9CE5-AF04759F0268}.Release|Any CPU.ActiveCfg = Release|Any CPU
		{0F0A85CB-779D-46DA-9CE5-AF04759F0268}.Release|Any CPU.Build.0 = Release|Any CPU
		{92DABB41-D5D8-4E74-B425-1215F35B1A6B}.Debug|Any CPU.ActiveCfg = Debug|Any CPU
		{92DABB41-D5D8-4E74-B425-1215F35B1A6B}.Debug|Any CPU.Build.0 = Debug|Any CPU
		{92DABB41-D5D8-4E74-B425-1215F35B1A6B}.Release|Any CPU.ActiveCfg = Release|Any CPU
		{92DABB41-D5D8-4E74-B425-1215F35B1A6B}.Release|Any CPU.Build.0 = Release|Any CPU
		{F8BD3A47-785D-44DF-BCD9-2AFE2992B4E8}.Debug|Any CPU.ActiveCfg = Debug|Any CPU
		{F8BD3A47-785D-44DF-BCD9-2AFE2992B4E8}.Debug|Any CPU.Build.0 = Debug|Any CPU
		{F8BD3A47-785D-44DF-BCD9-2AFE2992B4E8}.Release|Any CPU.ActiveCfg = Release|Any CPU
		{F8BD3A47-785D-44DF-BCD9-2AFE2992B4E8}.Release|Any CPU.Build.0 = Release|Any CPU
		{F4D690B6-44E1-4EE9-B2FE-86AF244CD3D0}.Debug|Any CPU.ActiveCfg = Debug|Any CPU
		{F4D690B6-44E1-4EE9-B2FE-86AF244CD3D0}.Debug|Any CPU.Build.0 = Debug|Any CPU
		{F4D690B6-44E1-4EE9-B2FE-86AF244CD3D0}.Release|Any CPU.ActiveCfg = Release|Any CPU
		{F4D690B6-44E1-4EE9-B2FE-86AF244CD3D0}.Release|Any CPU.Build.0 = Release|Any CPU
	EndGlobalSection
	GlobalSection(SolutionProperties) = preSolution
		HideSolutionNode = FALSE
	EndGlobalSection
	GlobalSection(ExtensibilityGlobals) = postSolution
		SolutionGuid = {F467F96C-CD6E-4D0D-9137-04C6628FC149}
	EndGlobalSection
EndGlobal
